// !$*UTF8*$!
{
	archiveVersion = 1;
	classes = {
	};
	objectVersion = 46;
	objects = {

/* Begin PBXBuildFile section */
		D0381FA71515D6C200CFF791 /* Foundation.framework in Frameworks */ = {isa = PBXBuildFile; fileRef = D0381FA61515D6C200CFF791 /* Foundation.framework */; };
		D0381FA91515D6C200CFF791 /* UIKit.framework in Frameworks */ = {isa = PBXBuildFile; fileRef = D0381FA81515D6C200CFF791 /* UIKit.framework */; };
		D0381FAB1515D6C200CFF791 /* CoreGraphics.framework in Frameworks */ = {isa = PBXBuildFile; fileRef = D0381FAA1515D6C200CFF791 /* CoreGraphics.framework */; };
		D0381FAD1515D6C200CFF791 /* AddressBook.framework in Frameworks */ = {isa = PBXBuildFile; fileRef = D0381FAC1515D6C200CFF791 /* AddressBook.framework */; };
		D0381FAF1515D6C200CFF791 /* AddressBookUI.framework in Frameworks */ = {isa = PBXBuildFile; fileRef = D0381FAE1515D6C200CFF791 /* AddressBookUI.framework */; };
		D0381FB11515D6C200CFF791 /* AudioToolbox.framework in Frameworks */ = {isa = PBXBuildFile; fileRef = D0381FB01515D6C200CFF791 /* AudioToolbox.framework */; };
		D0381FB31515D6C200CFF791 /* AVFoundation.framework in Frameworks */ = {isa = PBXBuildFile; fileRef = D0381FB21515D6C200CFF791 /* AVFoundation.framework */; };
		D0381FB51515D6C200CFF791 /* CoreLocation.framework in Frameworks */ = {isa = PBXBuildFile; fileRef = D0381FB41515D6C200CFF791 /* CoreLocation.framework */; };
		D0381FB71515D6C200CFF791 /* MediaPlayer.framework in Frameworks */ = {isa = PBXBuildFile; fileRef = D0381FB61515D6C200CFF791 /* MediaPlayer.framework */; };
		D0381FB91515D6C200CFF791 /* QuartzCore.framework in Frameworks */ = {isa = PBXBuildFile; fileRef = D0381FB81515D6C200CFF791 /* QuartzCore.framework */; };
		D0381FBB1515D6C200CFF791 /* SystemConfiguration.framework in Frameworks */ = {isa = PBXBuildFile; fileRef = D0381FBA1515D6C200CFF791 /* SystemConfiguration.framework */; };
		D0381FBD1515D6C200CFF791 /* MobileCoreServices.framework in Frameworks */ = {isa = PBXBuildFile; fileRef = D0381FBC1515D6C200CFF791 /* MobileCoreServices.framework */; };
		D0381FBF1515D6C200CFF791 /* CoreMedia.framework in Frameworks */ = {isa = PBXBuildFile; fileRef = D0381FBE1515D6C200CFF791 /* CoreMedia.framework */; };
		D0381FC51515D6C200CFF791 /* InfoPlist.strings in Resources */ = {isa = PBXBuildFile; fileRef = D0381FC31515D6C200CFF791 /* InfoPlist.strings */; };
		D0381FC71515D6C200CFF791 /* main.m in Sources */ = {isa = PBXBuildFile; fileRef = D0381FC61515D6C200CFF791 /* main.m */; };
		D0381FCA1515D6C200CFF791 /* Cordova.framework in Frameworks */ = {isa = PBXBuildFile; fileRef = D0381FC91515D6C200CFF791 /* Cordova.framework */; };
		D0381FCF1515D6C200CFF791 /* Localizable.strings in Resources */ = {isa = PBXBuildFile; fileRef = D0381FCD1515D6C200CFF791 /* Localizable.strings */; };
		D0381FD31515D6C200CFF791 /* Localizable.strings in Resources */ = {isa = PBXBuildFile; fileRef = D0381FD11515D6C200CFF791 /* Localizable.strings */; };
		D0381FD71515D6C200CFF791 /* Localizable.strings in Resources */ = {isa = PBXBuildFile; fileRef = D0381FD51515D6C200CFF791 /* Localizable.strings */; };
		D0381FDB1515D6C200CFF791 /* Localizable.strings in Resources */ = {isa = PBXBuildFile; fileRef = D0381FD91515D6C200CFF791 /* Localizable.strings */; };
		D0381FDE1515D6C200CFF791 /* icon.png in Resources */ = {isa = PBXBuildFile; fileRef = D0381FDD1515D6C200CFF791 /* icon.png */; };
		D0381FE01515D6C200CFF791 /* icon@2x.png in Resources */ = {isa = PBXBuildFile; fileRef = D0381FDF1515D6C200CFF791 /* icon@2x.png */; };
		D0381FE21515D6C200CFF791 /* icon-72.png in Resources */ = {isa = PBXBuildFile; fileRef = D0381FE11515D6C200CFF791 /* icon-72.png */; };
		D0381FE51515D6C200CFF791 /* Default.png in Resources */ = {isa = PBXBuildFile; fileRef = D0381FE41515D6C200CFF791 /* Default.png */; };
		D0381FE71515D6C200CFF791 /* Default@2x.png in Resources */ = {isa = PBXBuildFile; fileRef = D0381FE61515D6C200CFF791 /* Default@2x.png */; };
		D0381FE91515D6C200CFF791 /* Capture.bundle in Resources */ = {isa = PBXBuildFile; fileRef = D0381FE81515D6C200CFF791 /* Capture.bundle */; };
		D0381FEB1515D6C200CFF791 /* Cordova.plist in Resources */ = {isa = PBXBuildFile; fileRef = D0381FEA1515D6C200CFF791 /* Cordova.plist */; };
		D0381FEF1515D6C200CFF791 /* AppDelegate.m in Sources */ = {isa = PBXBuildFile; fileRef = D0381FEE1515D6C200CFF791 /* AppDelegate.m */; };
		D0381FF21515D6C200CFF791 /* MainViewController.m in Sources */ = {isa = PBXBuildFile; fileRef = D0381FF11515D6C200CFF791 /* MainViewController.m */; };
		D0381FF41515D6C200CFF791 /* MainViewController.xib in Resources */ = {isa = PBXBuildFile; fileRef = D0381FF31515D6C200CFF791 /* MainViewController.xib */; };
		D0381FF81515D6C200CFF791 /* verify.sh in Resources */ = {isa = PBXBuildFile; fileRef = D0381FF71515D6C200CFF791 /* verify.sh */; };
		D0381FFF1515D6F100CFF791 /* www in Resources */ = {isa = PBXBuildFile; fileRef = D0381FFE1515D6F100CFF791 /* www */; };
/* End PBXBuildFile section */

/* Begin PBXFileReference section */
		D0381FA21515D6C200CFF791 /* workshop.cordova.app */ = {isa = PBXFileReference; explicitFileType = wrapper.application; includeInIndex = 0; path = workshop.cordova.app; sourceTree = BUILT_PRODUCTS_DIR; };
		D0381FA61515D6C200CFF791 /* Foundation.framework */ = {isa = PBXFileReference; lastKnownFileType = wrapper.framework; name = Foundation.framework; path = System/Library/Frameworks/Foundation.framework; sourceTree = SDKROOT; };
		D0381FA81515D6C200CFF791 /* UIKit.framework */ = {isa = PBXFileReference; lastKnownFileType = wrapper.framework; name = UIKit.framework; path = System/Library/Frameworks/UIKit.framework; sourceTree = SDKROOT; };
		D0381FAA1515D6C200CFF791 /* CoreGraphics.framework */ = {isa = PBXFileReference; lastKnownFileType = wrapper.framework; name = CoreGraphics.framework; path = System/Library/Frameworks/CoreGraphics.framework; sourceTree = SDKROOT; };
		D0381FAC1515D6C200CFF791 /* AddressBook.framework */ = {isa = PBXFileReference; lastKnownFileType = wrapper.framework; name = AddressBook.framework; path = System/Library/Frameworks/AddressBook.framework; sourceTree = SDKROOT; };
		D0381FAE1515D6C200CFF791 /* AddressBookUI.framework */ = {isa = PBXFileReference; lastKnownFileType = wrapper.framework; name = AddressBookUI.framework; path = System/Library/Frameworks/AddressBookUI.framework; sourceTree = SDKROOT; };
		D0381FB01515D6C200CFF791 /* AudioToolbox.framework */ = {isa = PBXFileReference; lastKnownFileType = wrapper.framework; name = AudioToolbox.framework; path = System/Library/Frameworks/AudioToolbox.framework; sourceTree = SDKROOT; };
		D0381FB21515D6C200CFF791 /* AVFoundation.framework */ = {isa = PBXFileReference; lastKnownFileType = wrapper.framework; name = AVFoundation.framework; path = System/Library/Frameworks/AVFoundation.framework; sourceTree = SDKROOT; };
		D0381FB41515D6C200CFF791 /* CoreLocation.framework */ = {isa = PBXFileReference; lastKnownFileType = wrapper.framework; name = CoreLocation.framework; path = System/Library/Frameworks/CoreLocation.framework; sourceTree = SDKROOT; };
		D0381FB61515D6C200CFF791 /* MediaPlayer.framework */ = {isa = PBXFileReference; lastKnownFileType = wrapper.framework; name = MediaPlayer.framework; path = System/Library/Frameworks/MediaPlayer.framework; sourceTree = SDKROOT; };
		D0381FB81515D6C200CFF791 /* QuartzCore.framework */ = {isa = PBXFileReference; lastKnownFileType = wrapper.framework; name = QuartzCore.framework; path = System/Library/Frameworks/QuartzCore.framework; sourceTree = SDKROOT; };
		D0381FBA1515D6C200CFF791 /* SystemConfiguration.framework */ = {isa = PBXFileReference; lastKnownFileType = wrapper.framework; name = SystemConfiguration.framework; path = System/Library/Frameworks/SystemConfiguration.framework; sourceTree = SDKROOT; };
		D0381FBC1515D6C200CFF791 /* MobileCoreServices.framework */ = {isa = PBXFileReference; lastKnownFileType = wrapper.framework; name = MobileCoreServices.framework; path = System/Library/Frameworks/MobileCoreServices.framework; sourceTree = SDKROOT; };
		D0381FBE1515D6C200CFF791 /* CoreMedia.framework */ = {isa = PBXFileReference; lastKnownFileType = wrapper.framework; name = CoreMedia.framework; path = System/Library/Frameworks/CoreMedia.framework; sourceTree = SDKROOT; };
		D0381FC21515D6C200CFF791 /* workshop.cordova-Info.plist */ = {isa = PBXFileReference; lastKnownFileType = text.plist.xml; path = "workshop.cordova-Info.plist"; sourceTree = "<group>"; };
		D0381FC41515D6C200CFF791 /* en */ = {isa = PBXFileReference; lastKnownFileType = text.plist.strings; name = en; path = en.lproj/InfoPlist.strings; sourceTree = "<group>"; };
		D0381FC61515D6C200CFF791 /* main.m */ = {isa = PBXFileReference; lastKnownFileType = sourcecode.c.objc; path = main.m; sourceTree = "<group>"; };
		D0381FC81515D6C200CFF791 /* workshop.cordova-Prefix.pch */ = {isa = PBXFileReference; lastKnownFileType = sourcecode.c.h; path = "workshop.cordova-Prefix.pch"; sourceTree = "<group>"; };
		D0381FC91515D6C200CFF791 /* Cordova.framework */ = {isa = PBXFileReference; lastKnownFileType = wrapper.framework; name = Cordova.framework; path = /Users/Shared/Cordova/Frameworks/Cordova.framework; sourceTree = "<absolute>"; };
		D0381FCE1515D6C200CFF791 /* en */ = {isa = PBXFileReference; lastKnownFileType = text.plist.strings; name = en; path = Resources/en.lproj/Localizable.strings; sourceTree = "<group>"; };
		D0381FD21515D6C200CFF791 /* es */ = {isa = PBXFileReference; lastKnownFileType = text.plist.strings; name = es; path = Resources/es.lproj/Localizable.strings; sourceTree = "<group>"; };
		D0381FD61515D6C200CFF791 /* de */ = {isa = PBXFileReference; lastKnownFileType = text.plist.strings; name = de; path = Resources/de.lproj/Localizable.strings; sourceTree = "<group>"; };
		D0381FDA1515D6C200CFF791 /* se */ = {isa = PBXFileReference; lastKnownFileType = text.plist.strings; name = se; path = Resources/se.lproj/Localizable.strings; sourceTree = "<group>"; };
		D0381FDD1515D6C200CFF791 /* icon.png */ = {isa = PBXFileReference; lastKnownFileType = image.png; name = icon.png; path = Resources/icons/icon.png; sourceTree = "<group>"; };
		D0381FDF1515D6C200CFF791 /* icon@2x.png */ = {isa = PBXFileReference; lastKnownFileType = image.png; name = "icon@2x.png"; path = "Resources/icons/icon@2x.png"; sourceTree = "<group>"; };
		D0381FE11515D6C200CFF791 /* icon-72.png */ = {isa = PBXFileReference; lastKnownFileType = image.png; name = "icon-72.png"; path = "Resources/icons/icon-72.png"; sourceTree = "<group>"; };
		D0381FE41515D6C200CFF791 /* Default.png */ = {isa = PBXFileReference; lastKnownFileType = image.png; name = Default.png; path = Resources/splash/Default.png; sourceTree = "<group>"; };
		D0381FE61515D6C200CFF791 /* Default@2x.png */ = {isa = PBXFileReference; lastKnownFileType = image.png; name = "Default@2x.png"; path = "Resources/splash/Default@2x.png"; sourceTree = "<group>"; };
		D0381FE81515D6C200CFF791 /* Capture.bundle */ = {isa = PBXFileReference; lastKnownFileType = "wrapper.plug-in"; name = Capture.bundle; path = Resources/Capture.bundle; sourceTree = "<group>"; };
		D0381FEA1515D6C200CFF791 /* Cordova.plist */ = {isa = PBXFileReference; lastKnownFileType = text.plist.xml; path = Cordova.plist; sourceTree = "<group>"; };
		D0381FED1515D6C200CFF791 /* AppDelegate.h */ = {isa = PBXFileReference; lastKnownFileType = sourcecode.c.h; name = AppDelegate.h; path = Classes/AppDelegate.h; sourceTree = "<group>"; };
		D0381FEE1515D6C200CFF791 /* AppDelegate.m */ = {isa = PBXFileReference; lastKnownFileType = sourcecode.c.objc; name = AppDelegate.m; path = Classes/AppDelegate.m; sourceTree = "<group>"; };
		D0381FF01515D6C200CFF791 /* MainViewController.h */ = {isa = PBXFileReference; lastKnownFileType = sourcecode.c.h; name = MainViewController.h; path = Classes/MainViewController.h; sourceTree = "<group>"; };
		D0381FF11515D6C200CFF791 /* MainViewController.m */ = {isa = PBXFileReference; lastKnownFileType = sourcecode.c.objc; name = MainViewController.m; path = Classes/MainViewController.m; sourceTree = "<group>"; };
		D0381FF31515D6C200CFF791 /* MainViewController.xib */ = {isa = PBXFileReference; lastKnownFileType = file.xib; name = MainViewController.xib; path = Classes/MainViewController.xib; sourceTree = "<group>"; };
		D0381FF61515D6C200CFF791 /* README */ = {isa = PBXFileReference; lastKnownFileType = text; name = README; path = Plugins/README; sourceTree = "<group>"; };
		D0381FF71515D6C200CFF791 /* verify.sh */ = {isa = PBXFileReference; lastKnownFileType = text.script.sh; path = verify.sh; sourceTree = "<group>"; };
		D0381FFE1515D6F100CFF791 /* www */ = {isa = PBXFileReference; lastKnownFileType = folder; path = www; sourceTree = "<group>"; };
/* End PBXFileReference section */

/* Begin PBXFrameworksBuildPhase section */
		D0381F9C1515D6C200CFF791 /* Frameworks */ = {
			isa = PBXFrameworksBuildPhase;
			buildActionMask = 2147483647;
			files = (
				D0381FA71515D6C200CFF791 /* Foundation.framework in Frameworks */,
				D0381FA91515D6C200CFF791 /* UIKit.framework in Frameworks */,
				D0381FAB1515D6C200CFF791 /* CoreGraphics.framework in Frameworks */,
				D0381FAD1515D6C200CFF791 /* AddressBook.framework in Frameworks */,
				D0381FAF1515D6C200CFF791 /* AddressBookUI.framework in Frameworks */,
				D0381FB11515D6C200CFF791 /* AudioToolbox.framework in Frameworks */,
				D0381FB31515D6C200CFF791 /* AVFoundation.framework in Frameworks */,
				D0381FB51515D6C200CFF791 /* CoreLocation.framework in Frameworks */,
				D0381FB71515D6C200CFF791 /* MediaPlayer.framework in Frameworks */,
				D0381FB91515D6C200CFF791 /* QuartzCore.framework in Frameworks */,
				D0381FBB1515D6C200CFF791 /* SystemConfiguration.framework in Frameworks */,
				D0381FBD1515D6C200CFF791 /* MobileCoreServices.framework in Frameworks */,
				D0381FBF1515D6C200CFF791 /* CoreMedia.framework in Frameworks */,
				D0381FCA1515D6C200CFF791 /* Cordova.framework in Frameworks */,
			);
			runOnlyForDeploymentPostprocessing = 0;
		};
		D0381F9F1515D6C200CFF791 /* Frameworks */ = {
			isa = PBXFrameworksBuildPhase;
			buildActionMask = 2147483647;
			files = (
			);
			runOnlyForDeploymentPostprocessing = 0;
		};
/* End PBXFrameworksBuildPhase section */

/* Begin PBXGroup section */
		D0381F941515D6C200CFF791 = {
			isa = PBXGroup;
			children = (
				D0381FFE1515D6F100CFF791 /* www */,
				D0381FC01515D6C200CFF791 /* workshop.cordova */,
				D0381FA51515D6C200CFF791 /* Frameworks */,
				D0381FA31515D6C200CFF791 /* Products */,
			);
			sourceTree = "<group>";
		};
		D0381FA31515D6C200CFF791 /* Products */ = {
			isa = PBXGroup;
			children = (
				D0381FA21515D6C200CFF791 /* workshop.cordova.app */,
			);
			name = Products;
			sourceTree = "<group>";
		};
		D0381FA51515D6C200CFF791 /* Frameworks */ = {
			isa = PBXGroup;
			children = (
				D0381FA61515D6C200CFF791 /* Foundation.framework */,
				D0381FA81515D6C200CFF791 /* UIKit.framework */,
				D0381FAA1515D6C200CFF791 /* CoreGraphics.framework */,
				D0381FAC1515D6C200CFF791 /* AddressBook.framework */,
				D0381FAE1515D6C200CFF791 /* AddressBookUI.framework */,
				D0381FB01515D6C200CFF791 /* AudioToolbox.framework */,
				D0381FB21515D6C200CFF791 /* AVFoundation.framework */,
				D0381FB41515D6C200CFF791 /* CoreLocation.framework */,
				D0381FB61515D6C200CFF791 /* MediaPlayer.framework */,
				D0381FB81515D6C200CFF791 /* QuartzCore.framework */,
				D0381FBA1515D6C200CFF791 /* SystemConfiguration.framework */,
				D0381FBC1515D6C200CFF791 /* MobileCoreServices.framework */,
				D0381FBE1515D6C200CFF791 /* CoreMedia.framework */,
			);
			name = Frameworks;
			sourceTree = "<group>";
		};
		D0381FC01515D6C200CFF791 /* workshop.cordova */ = {
			isa = PBXGroup;
			children = (
				D0381FC91515D6C200CFF791 /* Cordova.framework */,
				D0381FCB1515D6C200CFF791 /* Resources */,
				D0381FEC1515D6C200CFF791 /* Classes */,
				D0381FF51515D6C200CFF791 /* Plugins */,
				D0381FC11515D6C200CFF791 /* Supporting Files */,
			);
			path = workshop.cordova;
			sourceTree = "<group>";
		};
		D0381FC11515D6C200CFF791 /* Supporting Files */ = {
			isa = PBXGroup;
			children = (
				D0381FC21515D6C200CFF791 /* workshop.cordova-Info.plist */,
				D0381FC31515D6C200CFF791 /* InfoPlist.strings */,
				D0381FC61515D6C200CFF791 /* main.m */,
				D0381FC81515D6C200CFF791 /* workshop.cordova-Prefix.pch */,
				D0381FEA1515D6C200CFF791 /* Cordova.plist */,
				D0381FF31515D6C200CFF791 /* MainViewController.xib */,
				D0381FF71515D6C200CFF791 /* verify.sh */,
			);
			name = "Supporting Files";
			sourceTree = "<group>";
		};
		D0381FCB1515D6C200CFF791 /* Resources */ = {
			isa = PBXGroup;
			children = (
				D0381FE81515D6C200CFF791 /* Capture.bundle */,
				D0381FCC1515D6C200CFF791 /* en.lproj */,
				D0381FD01515D6C200CFF791 /* es.lproj */,
				D0381FD41515D6C200CFF791 /* de.lproj */,
				D0381FD81515D6C200CFF791 /* se.lproj */,
				D0381FDC1515D6C200CFF791 /* icons */,
				D0381FE31515D6C200CFF791 /* splash */,
			);
			name = Resources;
			sourceTree = "<group>";
		};
		D0381FCC1515D6C200CFF791 /* en.lproj */ = {
			isa = PBXGroup;
			children = (
				D0381FCD1515D6C200CFF791 /* Localizable.strings */,
			);
			name = en.lproj;
			sourceTree = "<group>";
		};
		D0381FD01515D6C200CFF791 /* es.lproj */ = {
			isa = PBXGroup;
			children = (
				D0381FD11515D6C200CFF791 /* Localizable.strings */,
			);
			name = es.lproj;
			sourceTree = "<group>";
		};
		D0381FD41515D6C200CFF791 /* de.lproj */ = {
			isa = PBXGroup;
			children = (
				D0381FD51515D6C200CFF791 /* Localizable.strings */,
			);
			name = de.lproj;
			sourceTree = "<group>";
		};
		D0381FD81515D6C200CFF791 /* se.lproj */ = {
			isa = PBXGroup;
			children = (
				D0381FD91515D6C200CFF791 /* Localizable.strings */,
			);
			name = se.lproj;
			sourceTree = "<group>";
		};
		D0381FDC1515D6C200CFF791 /* icons */ = {
			isa = PBXGroup;
			children = (
				D0381FDD1515D6C200CFF791 /* icon.png */,
				D0381FDF1515D6C200CFF791 /* icon@2x.png */,
				D0381FE11515D6C200CFF791 /* icon-72.png */,
			);
			name = icons;
			sourceTree = "<group>";
		};
		D0381FE31515D6C200CFF791 /* splash */ = {
			isa = PBXGroup;
			children = (
				D0381FE41515D6C200CFF791 /* Default.png */,
				D0381FE61515D6C200CFF791 /* Default@2x.png */,
			);
			name = splash;
			sourceTree = "<group>";
		};
		D0381FEC1515D6C200CFF791 /* Classes */ = {
			isa = PBXGroup;
			children = (
				D0381FED1515D6C200CFF791 /* AppDelegate.h */,
				D0381FEE1515D6C200CFF791 /* AppDelegate.m */,
				D0381FF01515D6C200CFF791 /* MainViewController.h */,
				D0381FF11515D6C200CFF791 /* MainViewController.m */,
			);
			name = Classes;
			sourceTree = "<group>";
		};
		D0381FF51515D6C200CFF791 /* Plugins */ = {
			isa = PBXGroup;
			children = (
				D0381FF61515D6C200CFF791 /* README */,
			);
			name = Plugins;
			sourceTree = "<group>";
		};
/* End PBXGroup section */

/* Begin PBXNativeTarget section */
		D0381FA11515D6C200CFF791 /* workshop.cordova */ = {
			isa = PBXNativeTarget;
			buildConfigurationList = D0381FFB1515D6C200CFF791 /* Build configuration list for PBXNativeTarget "workshop.cordova" */;
			buildPhases = (
				D0381F9B1515D6C200CFF791 /* Sources */,
				D0381F9C1515D6C200CFF791 /* Frameworks */,
				D0381F9D1515D6C200CFF791 /* Resources */,
				D0381F9E1515D6C200CFF791 /* Sources */,
				D0381F9F1515D6C200CFF791 /* Frameworks */,
				D0381FA01515D6C200CFF791 /* ShellScript */,
			);
			buildRules = (
			);
			dependencies = (
			);
			name = workshop.cordova;
			productName = workshop.cordova;
			productReference = D0381FA21515D6C200CFF791 /* workshop.cordova.app */;
			productType = "com.apple.product-type.application";
		};
/* End PBXNativeTarget section */

/* Begin PBXProject section */
		D0381F961515D6C200CFF791 /* Project object */ = {
			isa = PBXProject;
			attributes = {
				LastUpgradeCheck = 0420;
			};
			buildConfigurationList = D0381F991515D6C200CFF791 /* Build configuration list for PBXProject "workshop.cordova" */;
			compatibilityVersion = "Xcode 3.2";
			developmentRegion = English;
			hasScannedForEncodings = 0;
			knownRegions = (
				en,
				es,
				de,
				se,
			);
			mainGroup = D0381F941515D6C200CFF791;
			productRefGroup = D0381FA31515D6C200CFF791 /* Products */;
			projectDirPath = "";
			projectRoot = "";
			targets = (
				D0381FA11515D6C200CFF791 /* workshop.cordova */,
			);
		};
/* End PBXProject section */

/* Begin PBXResourcesBuildPhase section */
		D0381F9D1515D6C200CFF791 /* Resources */ = {
			isa = PBXResourcesBuildPhase;
			buildActionMask = 2147483647;
			files = (
				D0381FC51515D6C200CFF791 /* InfoPlist.strings in Resources */,
				D0381FCF1515D6C200CFF791 /* Localizable.strings in Resources */,
				D0381FD31515D6C200CFF791 /* Localizable.strings in Resources */,
				D0381FD71515D6C200CFF791 /* Localizable.strings in Resources */,
				D0381FDB1515D6C200CFF791 /* Localizable.strings in Resources */,
				D0381FDE1515D6C200CFF791 /* icon.png in Resources */,
				D0381FE01515D6C200CFF791 /* icon@2x.png in Resources */,
				D0381FE21515D6C200CFF791 /* icon-72.png in Resources */,
				D0381FE51515D6C200CFF791 /* Default.png in Resources */,
				D0381FE71515D6C200CFF791 /* Default@2x.png in Resources */,
				D0381FE91515D6C200CFF791 /* Capture.bundle in Resources */,
				D0381FEB1515D6C200CFF791 /* Cordova.plist in Resources */,
				D0381FF41515D6C200CFF791 /* MainViewController.xib in Resources */,
				D0381FF81515D6C200CFF791 /* verify.sh in Resources */,
				D0381FFF1515D6F100CFF791 /* www in Resources */,
			);
			runOnlyForDeploymentPostprocessing = 0;
		};
/* End PBXResourcesBuildPhase section */

/* Begin PBXShellScriptBuildPhase section */
		D0381FA01515D6C200CFF791 /* ShellScript */ = {
			isa = PBXShellScriptBuildPhase;
			buildActionMask = 2147483647;
			files = (
			);
			inputPaths = (
			);
			outputPaths = (
			);
			runOnlyForDeploymentPostprocessing = 0;
			shellPath = /bin/bash;
			shellScript = "\n\t\t\t\t\t\t\t\tchmod 755 $PROJECT_DIR/$PROJECT_NAME/verify.sh\n\t\t\t\t\t\t\t\t$PROJECT_DIR/$PROJECT_NAME/verify.sh\n\t\t\t\t\t";
		};
/* End PBXShellScriptBuildPhase section */

/* Begin PBXSourcesBuildPhase section */
		D0381F9B1515D6C200CFF791 /* Sources */ = {
			isa = PBXSourcesBuildPhase;
			buildActionMask = 2147483647;
			files = (
				D0381FC71515D6C200CFF791 /* main.m in Sources */,
				D0381FEF1515D6C200CFF791 /* AppDelegate.m in Sources */,
				D0381FF21515D6C200CFF791 /* MainViewController.m in Sources */,
			);
			runOnlyForDeploymentPostprocessing = 0;
		};
		D0381F9E1515D6C200CFF791 /* Sources */ = {
			isa = PBXSourcesBuildPhase;
			buildActionMask = 2147483647;
			files = (
			);
			runOnlyForDeploymentPostprocessing = 0;
		};
/* End PBXSourcesBuildPhase section */

/* Begin PBXVariantGroup section */
		D0381FC31515D6C200CFF791 /* InfoPlist.strings */ = {
			isa = PBXVariantGroup;
			children = (
				D0381FC41515D6C200CFF791 /* en */,
			);
			name = InfoPlist.strings;
			sourceTree = "<group>";
		};
		D0381FCD1515D6C200CFF791 /* Localizable.strings */ = {
			isa = PBXVariantGroup;
			children = (
				D0381FCE1515D6C200CFF791 /* en */,
			);
			name = Localizable.strings;
			sourceTree = "<group>";
		};
		D0381FD11515D6C200CFF791 /* Localizable.strings */ = {
			isa = PBXVariantGroup;
			children = (
				D0381FD21515D6C200CFF791 /* es */,
			);
			name = Localizable.strings;
			sourceTree = "<group>";
		};
		D0381FD51515D6C200CFF791 /* Localizable.strings */ = {
			isa = PBXVariantGroup;
			children = (
				D0381FD61515D6C200CFF791 /* de */,
			);
			name = Localizable.strings;
			sourceTree = "<group>";
		};
		D0381FD91515D6C200CFF791 /* Localizable.strings */ = {
			isa = PBXVariantGroup;
			children = (
				D0381FDA1515D6C200CFF791 /* se */,
			);
			name = Localizable.strings;
			sourceTree = "<group>";
		};
/* End PBXVariantGroup section */

/* Begin XCBuildConfiguration section */
		D0381FF91515D6C200CFF791 /* Debug */ = {
			isa = XCBuildConfiguration;
			buildSettings = {
				ALWAYS_SEARCH_USER_PATHS = NO;
				ARCHS = (
					armv6,
					"$(ARCHS_STANDARD_32_BIT)",
				);
				"CODE_SIGN_IDENTITY[sdk=iphoneos*]" = "iPhone Developer";
				COPY_PHASE_STRIP = NO;
				GCC_C_LANGUAGE_STANDARD = gnu99;
				GCC_DYNAMIC_NO_PIC = NO;
				GCC_OPTIMIZATION_LEVEL = 0;
				GCC_PREPROCESSOR_DEFINITIONS = (
					"DEBUG=1",
					"$(inherited)",
				);
				GCC_SYMBOLS_PRIVATE_EXTERN = NO;
				GCC_VERSION = com.apple.compilers.llvm.clang.1_0;
				GCC_WARN_ABOUT_MISSING_PROTOTYPES = YES;
				GCC_WARN_ABOUT_RETURN_TYPE = YES;
				GCC_WARN_UNUSED_VARIABLE = YES;
				IPHONEOS_DEPLOYMENT_TARGET = 3.0;
				SDKROOT = iphoneos;
			};
			name = Debug;
		};
		D0381FFA1515D6C200CFF791 /* Release */ = {
			isa = XCBuildConfiguration;
			buildSettings = {
				ALWAYS_SEARCH_USER_PATHS = NO;
				ARCHS = (
					armv6,
					"$(ARCHS_STANDARD_32_BIT)",
				);
				"CODE_SIGN_IDENTITY[sdk=iphoneos*]" = "iPhone Developer";
				COPY_PHASE_STRIP = YES;
				GCC_C_LANGUAGE_STANDARD = gnu99;
				GCC_VERSION = com.apple.compilers.llvm.clang.1_0;
				GCC_WARN_ABOUT_MISSING_PROTOTYPES = YES;
				GCC_WARN_ABOUT_RETURN_TYPE = YES;
				GCC_WARN_UNUSED_VARIABLE = YES;
				IPHONEOS_DEPLOYMENT_TARGET = 3.0;
				SDKROOT = iphoneos;
				VALIDATE_PRODUCT = YES;
			};
			name = Release;
		};
		D0381FFC1515D6C200CFF791 /* Debug */ = {
			isa = XCBuildConfiguration;
			buildSettings = {
				ALWAYS_SEARCH_USER_PATHS = YES;
				COPY_PHASE_STRIP = NO;
				FRAMEWORK_SEARCH_PATHS = /Users/Shared/Cordova/Frameworks;
				GCC_DYNAMIC_NO_PIC = NO;
				GCC_PRECOMPILE_PREFIX_HEADER = YES;
				GCC_PREFIX_HEADER = "workshop.cordova/workshop.cordova-Prefix.pch";
				GCC_PREPROCESSOR_DEFINITIONS = (
					"DEBUG=1,",
					"CORDOVA_FRAMEWORK=1",
				);
				INFOPLIST_FILE = "workshop.cordova/workshop.cordova-Info.plist";
				IPHONEOS_DEPLOYMENT_TARGET = 5.0;
				OTHER_LDFLAGS = (
					"-weak_framework",
					UIKit,
					"-weak_framework",
					AVFoundation,
					"-weak_framework",
					CoreMedia,
					"-weak_library",
					/usr/lib/libSystem.B.dylib,
				);
				PRODUCT_NAME = "$(TARGET_NAME)";
				TARGETED_DEVICE_FAMILY = 1;
				WRAPPER_EXTENSION = app;
			};
			name = Debug;
		};
		D0381FFD1515D6C200CFF791 /* Release */ = {
			isa = XCBuildConfiguration;
			buildSettings = {
				ALWAYS_SEARCH_USER_PATHS = YES;
				COPY_PHASE_STRIP = YES;
				DEBUG_INFORMATION_FORMAT = "dwarf-with-dsym";
				FRAMEWORK_SEARCH_PATHS = /Users/Shared/Cordova/Frameworks;
				GCC_PRECOMPILE_PREFIX_HEADER = YES;
				GCC_PREFIX_HEADER = "workshop.cordova/workshop.cordova-Prefix.pch";
				GCC_PREPROCESSOR_DEFINITIONS = (
					"NDEBUG=1,",
					"CORDOVA_FRAMEWORK=1",
				);
				INFOPLIST_FILE = "workshop.cordova/workshop.cordova-Info.plist";
				IPHONEOS_DEPLOYMENT_TARGET = 5.0;
				OTHER_LDFLAGS = (
					"-weak_framework",
					UIKit,
					"-weak_framework",
					AVFoundation,
					"-weak_framework",
					CoreMedia,
					"-weak_library",
					/usr/lib/libSystem.B.dylib,
				);
				PRODUCT_NAME = "$(TARGET_NAME)";
				TARGETED_DEVICE_FAMILY = 1;
				VALIDATE_PRODUCT = YES;
				WRAPPER_EXTENSION = app;
			};
			name = Release;
		};
/* End XCBuildConfiguration section */

/* Begin XCConfigurationList section */
		D0381F991515D6C200CFF791 /* Build configuration list for PBXProject "workshop.cordova" */ = {
			isa = XCConfigurationList;
			buildConfigurations = (
				D0381FF91515D6C200CFF791 /* Debug */,
				D0381FFA1515D6C200CFF791 /* Release */,
			);
			defaultConfigurationIsVisible = 0;
			defaultConfigurationName = Release;
		};
		D0381FFB1515D6C200CFF791 /* Build configuration list for PBXNativeTarget "workshop.cordova" */ = {
			isa = XCConfigurationList;
			buildConfigurations = (
				D0381FFC1515D6C200CFF791 /* Debug */,
				D0381FFD1515D6C200CFF791 /* Release */,
			);
			defaultConfigurationIsVisible = 0;
		};
/* End XCConfigurationList section */
	};
	rootObject = D0381F961515D6C200CFF791 /* Project object */;
}
